
Microsoft Visual Studio Solution File, Format Version 12.00
# Visual Studio Version 17
VisualStudioVersion = 17.8.34004.107
MinimumVisualStudioVersion = 10.0.40219.1
Project("{FAE04EC0-301F-11D3-BF4B-00C04F79EFBC}") = "EntityFrameworkPractice", "EntityFrameworkPractice\EntityFrameworkPractice.csproj", "{BC68AF80-6A1F-468A-B04D-C97F9BBBBA4C}"
EndProject
Global
	GlobalSection(SolutionConfigurationPlatforms) = preSolution
		Debug|Any CPU = Debug|Any CPU
		Release|Any CPU = Release|Any CPU
	EndGlobalSection
	GlobalSection(ProjectConfigurationPlatforms) = postSolution
		{BC68AF80-6A1F-468A-B04D-C97F9BBBBA4C}.Debug|Any CPU.ActiveCfg = Debug|Any CPU
		{BC68AF80-6A1F-468A-B04D-C97F9BBBBA4C}.Debug|Any CPU.Build.0 = Debug|Any CPU
		{BC68AF80-6A1F-468A-B04D-C97F9BBBBA4C}.Release|Any CPU.ActiveCfg = Release|Any CPU
		{BC68AF80-6A1F-468A-B04D-C97F9BBBBA4C}.Release|Any CPU.Build.0 = Release|Any CPU
	EndGlobalSection
	GlobalSection(SolutionProperties) = preSolution
		HideSolutionNode = FALSE
	EndGlobalSection
	GlobalSection(ExtensibilityGlobals) = postSolution
		SolutionGuid = {9824BEE2-CC8A-46CD-BED2-ED0AC4A743F6}
	EndGlobalSection
EndGlobal
